
Microsoft Visual Studio Solution File, Format Version 12.00
# Visual Studio Version 16
VisualStudioVersion = 16.0.30320.27
MinimumVisualStudioVersion = 10.0.40219.1
Project("{FAE04EC0-301F-11D3-BF4B-00C04F79EFBC}") = "Task1", "Task1\Task1.csproj", "{426094B2-0549-4207-BA16-550766EAFA1C}"
EndProject
Global
	GlobalSection(SolutionConfigurationPlatforms) = preSolution
		Debug|Any CPU = Debug|Any CPU
		Release|Any CPU = Release|Any CPU
	EndGlobalSection
	GlobalSection(ProjectConfigurationPlatforms) = postSolution
		{426094B2-0549-4207-BA16-550766EAFA1C}.Debug|Any CPU.ActiveCfg = Debug|Any CPU
		{426094B2-0549-4207-BA16-550766EAFA1C}.Debug|Any CPU.Build.0 = Debug|Any CPU
		{426094B2-0549-4207-BA16-550766EAFA1C}.Release|Any CPU.ActiveCfg = Release|Any CPU
		{426094B2-0549-4207-BA16-550766EAFA1C}.Release|Any CPU.Build.0 = Release|Any CPU
	EndGlobalSection
	GlobalSection(SolutionProperties) = preSolution
		HideSolutionNode = FALSE
	EndGlobalSection
	GlobalSection(ExtensibilityGlobals) = postSolution
		SolutionGuid = {FA6D987C-0A61-46FC-AFF5-60759557053A}
	EndGlobalSection
EndGlobal
